
Microsoft Visual Studio Solution File, Format Version 11.00
# Visual Studio 2010
Project("{FAE04EC0-301F-11D3-BF4B-00C04F79EFBC}") = "Azavea.NijPredictivePolicing.AcsAlchemistLibrary", "Azavea.NijPredictivePolicing.AcsImporterLibrary\Azavea.NijPredictivePolicing.AcsAlchemistLibrary.csproj", "{F524B387-A813-4FE4-AD37-E21D7645A1DC}"
	ProjectSection(ProjectDependencies) = postProject
		{9E1E6F34-233E-4145-8DB0-75BFA5DB1715} = {9E1E6F34-233E-4145-8DB0-75BFA5DB1715}
	EndProjectSection
EndProject
Project("{FAE04EC0-301F-11D3-BF4B-00C04F79EFBC}") = "Azavea.NijPredictivePolicing.Common", "Azavea.NijPredictivePolicing.Common\Azavea.NijPredictivePolicing.Common.csproj", "{9E1E6F34-233E-4145-8DB0-75BFA5DB1715}"
EndProject
Project("{FAE04EC0-301F-11D3-BF4B-00C04F79EFBC}") = "Azavea.NijPredictivePolicing.Test", "Azavea.NijPredictivePolicing.Test\Azavea.NijPredictivePolicing.Test.csproj", "{73339E71-5900-4FC3-9A29-8E64A1BB805C}"
	ProjectSection(ProjectDependencies) = postProject
		{A8D5E203-EA5A-4560-A4D6-6586F8C3ABA6} = {A8D5E203-EA5A-4560-A4D6-6586F8C3ABA6}
		{9E1E6F34-233E-4145-8DB0-75BFA5DB1715} = {9E1E6F34-233E-4145-8DB0-75BFA5DB1715}
		{F524B387-A813-4FE4-AD37-E21D7645A1DC} = {F524B387-A813-4FE4-AD37-E21D7645A1DC}
	EndProjectSection
EndProject
Project("{FAE04EC0-301F-11D3-BF4B-00C04F79EFBC}") = "Azavea.NijPredictivePolicing.AcsAlchemist", "Azavea.NijPredictivePolicing.AcsImporter\Azavea.NijPredictivePolicing.AcsAlchemist.csproj", "{A8D5E203-EA5A-4560-A4D6-6586F8C3ABA6}"
EndProject
Project("{FAE04EC0-301F-11D3-BF4B-00C04F79EFBC}") = "Azavea.NijPredictivePolicing.AcsAlchemistGui", "Azavea.NijPredictivePolicing.AcsImporterGui\Azavea.NijPredictivePolicing.AcsAlchemistGui.csproj", "{3C1A50DE-E8F0-4EC5-8321-19E1D9944E90}"
EndProject
Global
	GlobalSection(SolutionConfigurationPlatforms) = preSolution
		Debug|Any CPU = Debug|Any CPU
		Debug|x86 = Debug|x86
		Release|Any CPU = Release|Any CPU
		Release|x86 = Release|x86
	EndGlobalSection
	GlobalSection(ProjectConfigurationPlatforms) = postSolution
		{F524B387-A813-4FE4-AD37-E21D7645A1DC}.Debug|Any CPU.ActiveCfg = Debug|x86
		{F524B387-A813-4FE4-AD37-E21D7645A1DC}.Debug|Any CPU.Build.0 = Debug|x86
		{F524B387-A813-4FE4-AD37-E21D7645A1DC}.Debug|x86.ActiveCfg = Debug|x86
		{F524B387-A813-4FE4-AD37-E21D7645A1DC}.Debug|x86.Build.0 = Debug|x86
		{F524B387-A813-4FE4-AD37-E21D7645A1DC}.Release|Any CPU.ActiveCfg = Release|Any CPU
		{F524B387-A813-4FE4-AD37-E21D7645A1DC}.Release|Any CPU.Build.0 = Release|Any CPU
		{F524B387-A813-4FE4-AD37-E21D7645A1DC}.Release|x86.ActiveCfg = Release|x86
		{F524B387-A813-4FE4-AD37-E21D7645A1DC}.Release|x86.Build.0 = Release|x86
		{9E1E6F34-233E-4145-8DB0-75BFA5DB1715}.Debug|Any CPU.ActiveCfg = Debug|x86
		{9E1E6F34-233E-4145-8DB0-75BFA5DB1715}.Debug|Any CPU.Build.0 = Debug|x86
		{9E1E6F34-233E-4145-8DB0-75BFA5DB1715}.Debug|x86.ActiveCfg = Debug|x86
		{9E1E6F34-233E-4145-8DB0-75BFA5DB1715}.Debug|x86.Build.0 = Debug|x86
		{9E1E6F34-233E-4145-8DB0-75BFA5DB1715}.Release|Any CPU.ActiveCfg = Release|Any CPU
		{9E1E6F34-233E-4145-8DB0-75BFA5DB1715}.Release|Any CPU.Build.0 = Release|Any CPU
		{9E1E6F34-233E-4145-8DB0-75BFA5DB1715}.Release|x86.ActiveCfg = Release|x86
		{9E1E6F34-233E-4145-8DB0-75BFA5DB1715}.Release|x86.Build.0 = Release|x86
		{73339E71-5900-4FC3-9A29-8E64A1BB805C}.Debug|Any CPU.ActiveCfg = Debug|x86
		{73339E71-5900-4FC3-9A29-8E64A1BB805C}.Debug|Any CPU.Build.0 = Debug|x86
		{73339E71-5900-4FC3-9A29-8E64A1BB805C}.Debug|x86.ActiveCfg = Debug|x86
		{73339E71-5900-4FC3-9A29-8E64A1BB805C}.Debug|x86.Build.0 = Debug|x86
		{73339E71-5900-4FC3-9A29-8E64A1BB805C}.Release|Any CPU.ActiveCfg = Release|Any CPU
		{73339E71-5900-4FC3-9A29-8E64A1BB805C}.Release|Any CPU.Build.0 = Release|Any CPU
		{73339E71-5900-4FC3-9A29-8E64A1BB805C}.Release|x86.ActiveCfg = Release|x86
		{73339E71-5900-4FC3-9A29-8E64A1BB805C}.Release|x86.Build.0 = Release|x86
		{A8D5E203-EA5A-4560-A4D6-6586F8C3ABA6}.Debug|Any CPU.ActiveCfg = Debug|x86
		{A8D5E203-EA5A-4560-A4D6-6586F8C3ABA6}.Debug|Any CPU.Build.0 = Debug|x86
		{A8D5E203-EA5A-4560-A4D6-6586F8C3ABA6}.Debug|x86.ActiveCfg = Debug|x86
		{A8D5E203-EA5A-4560-A4D6-6586F8C3ABA6}.Debug|x86.Build.0 = Debug|x86
		{A8D5E203-EA5A-4560-A4D6-6586F8C3ABA6}.Release|Any CPU.ActiveCfg = Release|Any CPU
		{A8D5E203-EA5A-4560-A4D6-6586F8C3ABA6}.Release|Any CPU.Build.0 = Release|Any CPU
		{A8D5E203-EA5A-4560-A4D6-6586F8C3ABA6}.Release|x86.ActiveCfg = Release|x86
		{A8D5E203-EA5A-4560-A4D6-6586F8C3ABA6}.Release|x86.Build.0 = Release|x86
		{3C1A50DE-E8F0-4EC5-8321-19E1D9944E90}.Debug|Any CPU.ActiveCfg = Debug|Any CPU
		{3C1A50DE-E8F0-4EC5-8321-19E1D9944E90}.Debug|Any CPU.Build.0 = Debug|Any CPU
		{3C1A50DE-E8F0-4EC5-8321-19E1D9944E90}.Debug|x86.ActiveCfg = Debug|Any CPU
		{3C1A50DE-E8F0-4EC5-8321-19E1D9944E90}.Release|Any CPU.ActiveCfg = Release|Any CPU
		{3C1A50DE-E8F0-4EC5-8321-19E1D9944E90}.Release|Any CPU.Build.0 = Release|Any CPU
		{3C1A50DE-E8F0-4EC5-8321-19E1D9944E90}.Release|x86.ActiveCfg = Release|Any CPU
	EndGlobalSection
	GlobalSection(SolutionProperties) = preSolution
		HideSolutionNode = FALSE
	EndGlobalSection
EndGlobal
